PODS:
  - Alamofire (2.0.1)
  - FastImageCache (1.3)
  - SwiftyJSON (2.3.0)

DEPENDENCIES:
  - Alamofire (~> 2.0)
  - FastImageCache (~> 1.3)
  - SwiftyJSON (~> 2.3.0)

SPEC CHECKSUMS:
  Alamofire: 1d8e208d616fbbfd2391b15eae766d07c96cdc49
  FastImageCache: 25f214fd46405daca3d1995d783fb83b9036c62e
  SwiftyJSON: 8d6b61a70277ef2a5d710d372e06e7e2d87fb9e4

COCOAPODS: 0.38.2
